
Microsoft Visual Studio Solution File, Format Version 12.00
# Visual Studio Version 17
VisualStudioVersion = 17.13.35731.43
MinimumVisualStudioVersion = 10.0.40219.1
Project("{FAE04EC0-301F-11D3-BF4B-00C04F79EFBC}") = "WebApplication1", "WebApplication1.csproj", "{6B2CD37F-F25C-4978-ACCE-8467B3BE2291}"
EndProject
Global
	GlobalSection(SolutionConfigurationPlatforms) = preSolution
		Debug|Any CPU = Debug|Any CPU
		Release|Any CPU = Release|Any CPU
	EndGlobalSection
	GlobalSection(ProjectConfigurationPlatforms) = postSolution
		{6B2CD37F-F25C-4978-ACCE-8467B3BE2291}.Debug|Any CPU.ActiveCfg = Debug|Any CPU
		{6B2CD37F-F25C-4978-ACCE-8467B3BE2291}.Debug|Any CPU.Build.0 = Debug|Any CPU
		{6B2CD37F-F25C-4978-ACCE-8467B3BE2291}.Release|Any CPU.ActiveCfg = Release|Any CPU
		{6B2CD37F-F25C-4978-ACCE-8467B3BE2291}.Release|Any CPU.Build.0 = Release|Any CPU
	EndGlobalSection
	GlobalSection(SolutionProperties) = preSolution
		HideSolutionNode = FALSE
	EndGlobalSection
	GlobalSection(ExtensibilityGlobals) = postSolution
		SolutionGuid = {838A77B7-7B07-40EF-9EAC-3C1FD594DA58}
	EndGlobalSection
EndGlobal
